
Microsoft Visual Studio Solution File, Format Version 12.00
Project("{FAE04EC0-301F-11D3-BF4B-00C04F79EFBC}") = "Citizens360.PresentationLayer", "Citizens360.PresentationLayer\Citizens360.PresentationLayer.csproj", "{EC2E319A-C514-4D07-91C5-3119D76ACC71}"
EndProject
Project("{FAE04EC0-301F-11D3-BF4B-00C04F79EFBC}") = "Citizens360.DataAccessLayer", "Citizens360.DataAccessLayer\Citizens360.DataAccessLayer.csproj", "{44E918AF-9C12-47DE-A57C-0ED5EE186FFB}"
EndProject
Project("{FAE04EC0-301F-11D3-BF4B-00C04F79EFBC}") = "Citizens360.BusinessLogicLayer", "Citizens360.BusinessLogicLayer\Citizens360.BusinessLogicLayer.csproj", "{82CDFAEF-6375-43A3-BBE7-BC3C61CF5C55}"
EndProject
Project("{FAE04EC0-301F-11D3-BF4B-00C04F79EFBC}") = "Citizens360.DomainLayer", "Citizens360.DomainLayer\Citizens360.DomainLayer.csproj", "{67F5A1B0-CF77-4E24-9289-B502A43A8D25}"
EndProject
Global
	GlobalSection(SolutionConfigurationPlatforms) = preSolution
		Debug|Any CPU = Debug|Any CPU
		Release|Any CPU = Release|Any CPU
	EndGlobalSection
	GlobalSection(ProjectConfigurationPlatforms) = postSolution
		{EC2E319A-C514-4D07-91C5-3119D76ACC71}.Debug|Any CPU.ActiveCfg = Debug|Any CPU
		{EC2E319A-C514-4D07-91C5-3119D76ACC71}.Debug|Any CPU.Build.0 = Debug|Any CPU
		{EC2E319A-C514-4D07-91C5-3119D76ACC71}.Release|Any CPU.ActiveCfg = Release|Any CPU
		{EC2E319A-C514-4D07-91C5-3119D76ACC71}.Release|Any CPU.Build.0 = Release|Any CPU
		{44E918AF-9C12-47DE-A57C-0ED5EE186FFB}.Debug|Any CPU.ActiveCfg = Debug|Any CPU
		{44E918AF-9C12-47DE-A57C-0ED5EE186FFB}.Debug|Any CPU.Build.0 = Debug|Any CPU
		{44E918AF-9C12-47DE-A57C-0ED5EE186FFB}.Release|Any CPU.ActiveCfg = Release|Any CPU
		{44E918AF-9C12-47DE-A57C-0ED5EE186FFB}.Release|Any CPU.Build.0 = Release|Any CPU
		{82CDFAEF-6375-43A3-BBE7-BC3C61CF5C55}.Debug|Any CPU.ActiveCfg = Debug|Any CPU
		{82CDFAEF-6375-43A3-BBE7-BC3C61CF5C55}.Debug|Any CPU.Build.0 = Debug|Any CPU
		{82CDFAEF-6375-43A3-BBE7-BC3C61CF5C55}.Release|Any CPU.ActiveCfg = Release|Any CPU
		{82CDFAEF-6375-43A3-BBE7-BC3C61CF5C55}.Release|Any CPU.Build.0 = Release|Any CPU
		{67F5A1B0-CF77-4E24-9289-B502A43A8D25}.Debug|Any CPU.ActiveCfg = Debug|Any CPU
		{67F5A1B0-CF77-4E24-9289-B502A43A8D25}.Debug|Any CPU.Build.0 = Debug|Any CPU
		{67F5A1B0-CF77-4E24-9289-B502A43A8D25}.Release|Any CPU.ActiveCfg = Release|Any CPU
		{67F5A1B0-CF77-4E24-9289-B502A43A8D25}.Release|Any CPU.Build.0 = Release|Any CPU
	EndGlobalSection
EndGlobal
